
Microsoft Visual Studio Solution File, Format Version 12.00
# Visual Studio Version 17
VisualStudioVersion = 17.8.34330.188
MinimumVisualStudioVersion = 10.0.40219.1
Project("{9A19103F-16F7-4668-BE54-9A1E7A4F7556}") = "AntonOvesen.Services.Utilities", "AntonOvesen.Services.Utilities\AntonOvesen.Services.Utilities.csproj", "{F9AA2573-02BF-4523-A1A2-C22857C385C3}"
EndProject
Project("{9A19103F-16F7-4668-BE54-9A1E7A4F7556}") = "AntonOvesen.Services.Utilities.Client", "AntonOvesen.Services.Utilities.Client\AntonOvesen.Services.Utilities.Client.csproj", "{3EA6A1E4-7090-4B44-A205-A110A0A314EF}"
EndProject
Project("{9A19103F-16F7-4668-BE54-9A1E7A4F7556}") = "AntonOvesen.Services.Utilities.Tests", "AntonOvesen.Services.Utilities.UnitTests\AntonOvesen.Services.Utilities.Tests.csproj", "{A8E8587F-6711-46BA-BA89-4EF09630EBF9}"
EndProject
Global
	GlobalSection(SolutionConfigurationPlatforms) = preSolution
		Debug|Any CPU = Debug|Any CPU
		Release|Any CPU = Release|Any CPU
	EndGlobalSection
	GlobalSection(ProjectConfigurationPlatforms) = postSolution
		{F9AA2573-02BF-4523-A1A2-C22857C385C3}.Debug|Any CPU.ActiveCfg = Debug|Any CPU
		{F9AA2573-02BF-4523-A1A2-C22857C385C3}.Debug|Any CPU.Build.0 = Debug|Any CPU
		{F9AA2573-02BF-4523-A1A2-C22857C385C3}.Release|Any CPU.ActiveCfg = Release|Any CPU
		{F9AA2573-02BF-4523-A1A2-C22857C385C3}.Release|Any CPU.Build.0 = Release|Any CPU
		{3EA6A1E4-7090-4B44-A205-A110A0A314EF}.Debug|Any CPU.ActiveCfg = Debug|Any CPU
		{3EA6A1E4-7090-4B44-A205-A110A0A314EF}.Debug|Any CPU.Build.0 = Debug|Any CPU
		{3EA6A1E4-7090-4B44-A205-A110A0A314EF}.Release|Any CPU.ActiveCfg = Release|Any CPU
		{3EA6A1E4-7090-4B44-A205-A110A0A314EF}.Release|Any CPU.Build.0 = Release|Any CPU
		{A8E8587F-6711-46BA-BA89-4EF09630EBF9}.Debug|Any CPU.ActiveCfg = Debug|Any CPU
		{A8E8587F-6711-46BA-BA89-4EF09630EBF9}.Debug|Any CPU.Build.0 = Debug|Any CPU
		{A8E8587F-6711-46BA-BA89-4EF09630EBF9}.Release|Any CPU.ActiveCfg = Release|Any CPU
		{A8E8587F-6711-46BA-BA89-4EF09630EBF9}.Release|Any CPU.Build.0 = Release|Any CPU
	EndGlobalSection
	GlobalSection(SolutionProperties) = preSolution
		HideSolutionNode = FALSE
	EndGlobalSection
	GlobalSection(ExtensibilityGlobals) = postSolution
		SolutionGuid = {93961B03-376F-4D85-9BB6-0D77D4431214}
	EndGlobalSection
EndGlobal
